{
    "version": 3,
    "terraform_version": "0.11.10",
    "serial": 7,
    "lineage": "b4ddfd7c-eb11-7330-5694-562541959045",
    "modules": [
        {
            "path": [
                "root"
            ],
            "outputs": {
                "Resource Group Info": {
                    "sensitive": false,
                    "type": "string",
                    "value": "table5jlapprg"
                },
                "vm_ip": {
                    "sensitive": false,
                    "type": "string",
                    "value": "40.70.210.70"
                }
            },
            "resources": {
                "azurerm_public_ip.thisIp": {
                    "type": "azurerm_public_ip",
                    "depends_on": [
                        "azurerm_resource_group.thisGroup"
                    ],
                    "primary": {
                        "id": "/subscriptions/0ab9ad2e-f316-4da5-b243-e7f65da24755/resourceGroups/table5jlapprg/providers/Microsoft.Network/publicIPAddresses/table5jltfpublicip",
                        "attributes": {
                            "id": "/subscriptions/0ab9ad2e-f316-4da5-b243-e7f65da24755/resourceGroups/table5jlapprg/providers/Microsoft.Network/publicIPAddresses/table5jltfpublicip",
                            "idle_timeout_in_minutes": "4",
                            "ip_address": "40.70.210.70",
                            "ip_version": "ipv4",
                            "location": "eastus2",
                            "name": "table5jltfpublicip",
                            "public_ip_address_allocation": "static",
                            "resource_group_name": "table5jlapprg",
                            "sku": "Basic",
                            "tags.%": "1",
                            "tags.environment": "Testing",
                            "zones.#": "0"
                        },
                        "meta": {},
                        "tainted": false
                    },
                    "deposed": [],
                    "provider": "provider.azurerm"
                },
                "azurerm_resource_group.thisGroup": {
                    "type": "azurerm_resource_group",
                    "depends_on": [],
                    "primary": {
                        "id": "/subscriptions/0ab9ad2e-f316-4da5-b243-e7f65da24755/resourceGroups/table5jlapprg",
                        "attributes": {
                            "id": "/subscriptions/0ab9ad2e-f316-4da5-b243-e7f65da24755/resourceGroups/table5jlapprg",
                            "location": "eastus2",
                            "name": "table5jlapprg",
                            "tags.%": "0"
                        },
                        "meta": {},
                        "tainted": false
                    },
                    "deposed": [],
                    "provider": "provider.azurerm"
                },
                "azurerm_subnet.thisSubnet": {
                    "type": "azurerm_subnet",
                    "depends_on": [
                        "azurerm_resource_group.thisGroup",
                        "azurerm_virtual_network.thisNetwork"
                    ],
                    "primary": {
                        "id": "/subscriptions/0ab9ad2e-f316-4da5-b243-e7f65da24755/resourceGroups/table5jlapprg/providers/Microsoft.Network/virtualNetworks/table5jltfvnet/subnets/table5jltfsubnet",
                        "attributes": {
                            "address_prefix": "10.0.1.0/24",
                            "id": "/subscriptions/0ab9ad2e-f316-4da5-b243-e7f65da24755/resourceGroups/table5jlapprg/providers/Microsoft.Network/virtualNetworks/table5jltfvnet/subnets/table5jltfsubnet",
                            "ip_configurations.#": "0",
                            "name": "table5jltfsubnet",
                            "resource_group_name": "table5jlapprg",
                            "route_table_id": "",
                            "service_endpoints.#": "0",
                            "virtual_network_name": "table5jltfvnet"
                        },
                        "meta": {},
                        "tainted": false
                    },
                    "deposed": [],
                    "provider": "provider.azurerm"
                },
                "azurerm_virtual_network.thisNetwork": {
                    "type": "azurerm_virtual_network",
                    "depends_on": [
                        "azurerm_resource_group.thisGroup"
                    ],
                    "primary": {
                        "id": "/subscriptions/0ab9ad2e-f316-4da5-b243-e7f65da24755/resourceGroups/table5jlapprg/providers/Microsoft.Network/virtualNetworks/table5jltfvnet",
                        "attributes": {
                            "address_space.#": "1",
                            "address_space.0": "10.0.0.0/16",
                            "dns_servers.#": "0",
                            "id": "/subscriptions/0ab9ad2e-f316-4da5-b243-e7f65da24755/resourceGroups/table5jlapprg/providers/Microsoft.Network/virtualNetworks/table5jltfvnet",
                            "location": "eastus2",
                            "name": "table5jltfvnet",
                            "resource_group_name": "table5jlapprg",
                            "subnet.#": "1",
                            "subnet.3683847022.address_prefix": "10.0.1.0/24",
                            "subnet.3683847022.id": "/subscriptions/0ab9ad2e-f316-4da5-b243-e7f65da24755/resourceGroups/table5jlapprg/providers/Microsoft.Network/virtualNetworks/table5jltfvnet/subnets/table5jltfsubnet",
                            "subnet.3683847022.name": "table5jltfsubnet",
                            "subnet.3683847022.security_group": "",
                            "tags.%": "1",
                            "tags.environment": "Testing"
                        },
                        "meta": {},
                        "tainted": false
                    },
                    "deposed": [],
                    "provider": "provider.azurerm"
                }
            },
            "depends_on": []
        }
    ]
}
