{
    "version": 3,
    "terraform_version": "0.11.10",
    "serial": 11,
    "lineage": "b4ddfd7c-eb11-7330-5694-562541959045",
    "modules": [
        {
            "path": [
                "root"
            ],
            "outputs": {
                "Resource Group Info": {
                    "sensitive": false,
                    "type": "string",
                    "value": "table5jlapprg"
                }
            },
            "resources": {
                "azurerm_network_interface.thisNic": {
                    "type": "azurerm_network_interface",
                    "depends_on": [
                        "azurerm_network_security_group.thisNsg",
                        "azurerm_public_ip.thisIp",
                        "azurerm_resource_group.thisGroup",
                        "azurerm_subnet.thisSubnet"
                    ],
                    "primary": {
                        "id": "/subscriptions/0ab9ad2e-f316-4da5-b243-e7f65da24755/resourceGroups/table5jlapprg/providers/Microsoft.Network/networkInterfaces/table5jlnic",
                        "attributes": {
                            "applied_dns_servers.#": "0",
                            "dns_servers.#": "0",
                            "enable_accelerated_networking": "false",
                            "enable_ip_forwarding": "false",
                            "id": "/subscriptions/0ab9ad2e-f316-4da5-b243-e7f65da24755/resourceGroups/table5jlapprg/providers/Microsoft.Network/networkInterfaces/table5jlnic",
                            "internal_dns_name_label": "",
                            "internal_fqdn": "",
                            "ip_configuration.#": "1",
                            "ip_configuration.0.application_gateway_backend_address_pools_ids.#": "0",
                            "ip_configuration.0.application_security_group_ids.#": "0",
                            "ip_configuration.0.load_balancer_backend_address_pools_ids.#": "0",
                            "ip_configuration.0.load_balancer_inbound_nat_rules_ids.#": "0",
                            "ip_configuration.0.name": "table5jlnicipconfig",
                            "ip_configuration.0.primary": "true",
                            "ip_configuration.0.private_ip_address": "",
                            "ip_configuration.0.private_ip_address_allocation": "dynamic",
                            "ip_configuration.0.public_ip_address_id": "/subscriptions/0ab9ad2e-f316-4da5-b243-e7f65da24755/resourceGroups/table5jlapprg/providers/Microsoft.Network/publicIPAddresses/table5jltfpublicip",
                            "ip_configuration.0.subnet_id": "/subscriptions/0ab9ad2e-f316-4da5-b243-e7f65da24755/resourceGroups/table5jlapprg/providers/Microsoft.Network/virtualNetworks/table5jltfvnet/subnets/table5jltfsubnet",
                            "location": "eastus2",
                            "mac_address": "",
                            "name": "table5jlnic",
                            "network_security_group_id": "/subscriptions/0ab9ad2e-f316-4da5-b243-e7f65da24755/resourceGroups/table5jlapprg/providers/Microsoft.Network/networkSecurityGroups/table5jlnsg",
                            "private_ip_address": "10.0.1.4",
                            "private_ip_addresses.#": "1",
                            "private_ip_addresses.0": "10.0.1.4",
                            "resource_group_name": "table5jlapprg",
                            "tags.%": "0"
                        },
                        "meta": {},
                        "tainted": false
                    },
                    "deposed": [],
                    "provider": "provider.azurerm"
                },
                "azurerm_network_security_group.thisNsg": {
                    "type": "azurerm_network_security_group",
                    "depends_on": [
                        "azurerm_resource_group.thisGroup"
                    ],
                    "primary": {
                        "id": "/subscriptions/0ab9ad2e-f316-4da5-b243-e7f65da24755/resourceGroups/table5jlapprg/providers/Microsoft.Network/networkSecurityGroups/table5jlnsg",
                        "attributes": {
                            "id": "/subscriptions/0ab9ad2e-f316-4da5-b243-e7f65da24755/resourceGroups/table5jlapprg/providers/Microsoft.Network/networkSecurityGroups/table5jlnsg",
                            "location": "eastus2",
                            "name": "table5jlnsg",
                            "resource_group_name": "table5jlapprg",
                            "security_rule.#": "1",
                            "security_rule.2836640985.access": "Allow",
                            "security_rule.2836640985.description": "",
                            "security_rule.2836640985.destination_address_prefix": "*",
                            "security_rule.2836640985.destination_address_prefixes.#": "0",
                            "security_rule.2836640985.destination_application_security_group_ids.#": "0",
                            "security_rule.2836640985.destination_port_range": "22",
                            "security_rule.2836640985.destination_port_ranges.#": "0",
                            "security_rule.2836640985.direction": "Inbound",
                            "security_rule.2836640985.name": "SSH",
                            "security_rule.2836640985.priority": "1003",
                            "security_rule.2836640985.protocol": "TCP",
                            "security_rule.2836640985.source_address_prefix": "*",
                            "security_rule.2836640985.source_address_prefixes.#": "0",
                            "security_rule.2836640985.source_application_security_group_ids.#": "0",
                            "security_rule.2836640985.source_port_range": "*",
                            "security_rule.2836640985.source_port_ranges.#": "0",
                            "tags.%": "0"
                        },
                        "meta": {},
                        "tainted": false
                    },
                    "deposed": [],
                    "provider": "provider.azurerm"
                },
                "azurerm_public_ip.thisIp": {
                    "type": "azurerm_public_ip",
                    "depends_on": [
                        "azurerm_resource_group.thisGroup"
                    ],
                    "primary": {
                        "id": "/subscriptions/0ab9ad2e-f316-4da5-b243-e7f65da24755/resourceGroups/table5jlapprg/providers/Microsoft.Network/publicIPAddresses/table5jltfpublicip",
                        "attributes": {
                            "id": "/subscriptions/0ab9ad2e-f316-4da5-b243-e7f65da24755/resourceGroups/table5jlapprg/providers/Microsoft.Network/publicIPAddresses/table5jltfpublicip",
                            "idle_timeout_in_minutes": "4",
                            "ip_address": "23.101.144.116",
                            "ip_version": "ipv4",
                            "location": "eastus2",
                            "name": "table5jltfpublicip",
                            "public_ip_address_allocation": "static",
                            "resource_group_name": "table5jlapprg",
                            "sku": "Basic",
                            "tags.%": "1",
                            "tags.environment": "Testing",
                            "zones.#": "0"
                        },
                        "meta": {},
                        "tainted": false
                    },
                    "deposed": [],
                    "provider": "provider.azurerm"
                },
                "azurerm_resource_group.thisGroup": {
                    "type": "azurerm_resource_group",
                    "depends_on": [],
                    "primary": {
                        "id": "/subscriptions/0ab9ad2e-f316-4da5-b243-e7f65da24755/resourceGroups/table5jlapprg",
                        "attributes": {
                            "id": "/subscriptions/0ab9ad2e-f316-4da5-b243-e7f65da24755/resourceGroups/table5jlapprg",
                            "location": "eastus2",
                            "name": "table5jlapprg",
                            "tags.%": "0"
                        },
                        "meta": {},
                        "tainted": false
                    },
                    "deposed": [],
                    "provider": "provider.azurerm"
                },
                "azurerm_storage_account.thisStorage": {
                    "type": "azurerm_storage_account",
                    "depends_on": [
                        "azurerm_resource_group.thisGroup",
                        "random_id.randomid"
                    ],
                    "primary": {
                        "id": "/subscriptions/0ab9ad2e-f316-4da5-b243-e7f65da24755/resourceGroups/table5jlapprg/providers/Microsoft.Storage/storageAccounts/diagff9bfab44eaeb59a",
                        "attributes": {
                            "access_tier": "",
                            "account_encryption_source": "Microsoft.Storage",
                            "account_kind": "Storage",
                            "account_replication_type": "LRS",
                            "account_tier": "Standard",
                            "account_type": "Standard_LRS",
                            "enable_blob_encryption": "true",
                            "enable_file_encryption": "true",
                            "enable_https_traffic_only": "false",
                            "id": "/subscriptions/0ab9ad2e-f316-4da5-b243-e7f65da24755/resourceGroups/table5jlapprg/providers/Microsoft.Storage/storageAccounts/diagff9bfab44eaeb59a",
                            "identity.#": "0",
                            "location": "eastus2",
                            "name": "diagff9bfab44eaeb59a",
                            "network_rules.#": "0",
                            "primary_access_key": "tEhTJzdheMXkxTfRc/pgQj494j57UMjRTaONhi86SOVggl7HntDUsWh9ulvh0EMLqK3lFuCMzF2ypkjipdWaVQ==",
                            "primary_blob_connection_string": "DefaultEndpointsProtocol=https;BlobEndpoint=https://diagff9bfab44eaeb59a.blob.core.windows.net/;AccountName=diagff9bfab44eaeb59a;AccountKey=tEhTJzdheMXkxTfRc/pgQj494j57UMjRTaONhi86SOVggl7HntDUsWh9ulvh0EMLqK3lFuCMzF2ypkjipdWaVQ==",
                            "primary_blob_endpoint": "https://diagff9bfab44eaeb59a.blob.core.windows.net/",
                            "primary_connection_string": "DefaultEndpointsProtocol=https;AccountName=diagff9bfab44eaeb59a;AccountKey=tEhTJzdheMXkxTfRc/pgQj494j57UMjRTaONhi86SOVggl7HntDUsWh9ulvh0EMLqK3lFuCMzF2ypkjipdWaVQ==;EndpointSuffix=core.windows.net",
                            "primary_file_endpoint": "https://diagff9bfab44eaeb59a.file.core.windows.net/",
                            "primary_location": "eastus2",
                            "primary_queue_endpoint": "https://diagff9bfab44eaeb59a.queue.core.windows.net/",
                            "primary_table_endpoint": "https://diagff9bfab44eaeb59a.table.core.windows.net/",
                            "resource_group_name": "table5jlapprg",
                            "secondary_access_key": "R9q7qI1twAGz0KexS0Ic9W2gYNAi5QmwOoESC9E73gKkp/GVgPb2vkRth9mWXodJo3+2wSy7BOA61dfkYL/w7Q==",
                            "secondary_connection_string": "DefaultEndpointsProtocol=https;AccountName=diagff9bfab44eaeb59a;AccountKey=R9q7qI1twAGz0KexS0Ic9W2gYNAi5QmwOoESC9E73gKkp/GVgPb2vkRth9mWXodJo3+2wSy7BOA61dfkYL/w7Q==;EndpointSuffix=core.windows.net",
                            "secondary_location": "",
                            "tags.%": "1",
                            "tags.environment": "Testing"
                        },
                        "meta": {
                            "schema_version": "2"
                        },
                        "tainted": false
                    },
                    "deposed": [],
                    "provider": "provider.azurerm"
                },
                "azurerm_subnet.thisSubnet": {
                    "type": "azurerm_subnet",
                    "depends_on": [
                        "azurerm_resource_group.thisGroup",
                        "azurerm_virtual_network.thisNetwork"
                    ],
                    "primary": {
                        "id": "/subscriptions/0ab9ad2e-f316-4da5-b243-e7f65da24755/resourceGroups/table5jlapprg/providers/Microsoft.Network/virtualNetworks/table5jltfvnet/subnets/table5jltfsubnet",
                        "attributes": {
                            "address_prefix": "10.0.1.0/24",
                            "id": "/subscriptions/0ab9ad2e-f316-4da5-b243-e7f65da24755/resourceGroups/table5jlapprg/providers/Microsoft.Network/virtualNetworks/table5jltfvnet/subnets/table5jltfsubnet",
                            "ip_configurations.#": "0",
                            "name": "table5jltfsubnet",
                            "resource_group_name": "table5jlapprg",
                            "route_table_id": "",
                            "service_endpoints.#": "0",
                            "virtual_network_name": "table5jltfvnet"
                        },
                        "meta": {},
                        "tainted": false
                    },
                    "deposed": [],
                    "provider": "provider.azurerm"
                },
                "azurerm_virtual_machine.thisVm": {
                    "type": "azurerm_virtual_machine",
                    "depends_on": [
                        "azurerm_network_interface.thisNic",
                        "azurerm_resource_group.thisGroup",
                        "azurerm_storage_account.thisStorage"
                    ],
                    "primary": {
                        "id": "/subscriptions/0ab9ad2e-f316-4da5-b243-e7f65da24755/resourceGroups/table5jlapprg/providers/Microsoft.Compute/virtualMachines/table5jlvm",
                        "attributes": {
                            "boot_diagnostics.#": "1",
                            "boot_diagnostics.0.enabled": "true",
                            "boot_diagnostics.0.storage_uri": "https://diagff9bfab44eaeb59a.blob.core.windows.net/",
                            "delete_data_disks_on_termination": "false",
                            "delete_os_disk_on_termination": "false",
                            "id": "/subscriptions/0ab9ad2e-f316-4da5-b243-e7f65da24755/resourceGroups/table5jlapprg/providers/Microsoft.Compute/virtualMachines/table5jlvm",
                            "identity.#": "0",
                            "location": "eastus2",
                            "name": "table5jlvm",
                            "network_interface_ids.#": "1",
                            "network_interface_ids.0": "/subscriptions/0ab9ad2e-f316-4da5-b243-e7f65da24755/resourceGroups/table5jlapprg/providers/Microsoft.Network/networkInterfaces/table5jlnic",
                            "os_profile.#": "1",
                            "os_profile.2359440358.admin_password": "",
                            "os_profile.2359440358.admin_username": "azureops",
                            "os_profile.2359440358.computer_name": "table5jlvm",
                            "os_profile.2359440358.custom_data": "",
                            "os_profile_linux_config.#": "1",
                            "os_profile_linux_config.69840937.disable_password_authentication": "true",
                            "os_profile_linux_config.69840937.ssh_keys.#": "1",
                            "os_profile_linux_config.69840937.ssh_keys.0.key_data": "ssh-rsa AAAAB3NzaC1yc2EAAAADAQABAAABAQC/gPAXZ1LjKmcEGKkH3iGFh350YHraySGTE/AZ0dK81GyXRRG6eCi2T+syKduTU01Asx3v5t+pwNwbITXVgMY3cCrIgQ0MCm4Ajr4JSgp0yTzmNOqveBvpzxIcCfnkUtLgw94hsPrTtmj6GuOKPZcGGMElgoDA3xe5PHDTc1FVa3DQTMgdhM3UWycbos00lyo15YKkOUekmi1d6LAJ29PHGflf0Gq9h3lku6PEIX/JAuEkbShSOt7fca6/JEI6heacdrTeYpP0dP7Krdv/DABeDN7Tw/e0+6/bB9vtoGfAnf0s1kyhaeiN8rQEBq4XXKHkLMaJRXVK84qnNO6KZysb azureops@table5jldevopsvm\n",
                            "os_profile_linux_config.69840937.ssh_keys.0.path": "/home/azureops/.ssh/authorized_keys",
                            "os_profile_secrets.#": "0",
                            "resource_group_name": "table5jlapprg",
                            "storage_data_disk.#": "0",
                            "storage_image_reference.#": "1",
                            "storage_image_reference.1458860473.id": "",
                            "storage_image_reference.1458860473.offer": "UbuntuServer",
                            "storage_image_reference.1458860473.publisher": "Canonical",
                            "storage_image_reference.1458860473.sku": "16.04-LTS",
                            "storage_image_reference.1458860473.version": "latest",
                            "storage_os_disk.#": "1",
                            "storage_os_disk.0.caching": "ReadWrite",
                            "storage_os_disk.0.create_option": "FromImage",
                            "storage_os_disk.0.disk_size_gb": "30",
                            "storage_os_disk.0.image_uri": "",
                            "storage_os_disk.0.managed_disk_id": "/subscriptions/0ab9ad2e-f316-4da5-b243-e7f65da24755/resourceGroups/table5jlapprg/providers/Microsoft.Compute/disks/table5jlOSDisk",
                            "storage_os_disk.0.managed_disk_type": "Premium_LRS",
                            "storage_os_disk.0.name": "table5jlOSDisk",
                            "storage_os_disk.0.os_type": "Linux",
                            "storage_os_disk.0.vhd_uri": "",
                            "storage_os_disk.0.write_accelerator_enabled": "false",
                            "tags.%": "1",
                            "tags.environment": "Testing",
                            "vm_size": "Standard_DS1_v2",
                            "zones.#": "0"
                        },
                        "meta": {},
                        "tainted": false
                    },
                    "deposed": [],
                    "provider": "provider.azurerm"
                },
                "azurerm_virtual_network.thisNetwork": {
                    "type": "azurerm_virtual_network",
                    "depends_on": [
                        "azurerm_resource_group.thisGroup"
                    ],
                    "primary": {
                        "id": "/subscriptions/0ab9ad2e-f316-4da5-b243-e7f65da24755/resourceGroups/table5jlapprg/providers/Microsoft.Network/virtualNetworks/table5jltfvnet",
                        "attributes": {
                            "address_space.#": "1",
                            "address_space.0": "10.0.0.0/16",
                            "dns_servers.#": "0",
                            "id": "/subscriptions/0ab9ad2e-f316-4da5-b243-e7f65da24755/resourceGroups/table5jlapprg/providers/Microsoft.Network/virtualNetworks/table5jltfvnet",
                            "location": "eastus2",
                            "name": "table5jltfvnet",
                            "resource_group_name": "table5jlapprg",
                            "subnet.#": "1",
                            "subnet.3683847022.address_prefix": "10.0.1.0/24",
                            "subnet.3683847022.id": "/subscriptions/0ab9ad2e-f316-4da5-b243-e7f65da24755/resourceGroups/table5jlapprg/providers/Microsoft.Network/virtualNetworks/table5jltfvnet/subnets/table5jltfsubnet",
                            "subnet.3683847022.name": "table5jltfsubnet",
                            "subnet.3683847022.security_group": "",
                            "tags.%": "1",
                            "tags.environment": "Testing"
                        },
                        "meta": {},
                        "tainted": false
                    },
                    "deposed": [],
                    "provider": "provider.azurerm"
                },
                "random_id.randomid": {
                    "type": "random_id",
                    "depends_on": [
                        "azurerm_resource_group.thisGroup"
                    ],
                    "primary": {
                        "id": "_5v6tE6utZo",
                        "attributes": {
                            "b64": "_5v6tE6utZo",
                            "b64_std": "/5v6tE6utZo=",
                            "b64_url": "_5v6tE6utZo",
                            "byte_length": "8",
                            "dec": "18418590753382905242",
                            "hex": "ff9bfab44eaeb59a",
                            "id": "_5v6tE6utZo",
                            "keepers.%": "1",
                            "keepers.resource_group": "table5jlapprg"
                        },
                        "meta": {},
                        "tainted": false
                    },
                    "deposed": [],
                    "provider": "provider.random"
                }
            },
            "depends_on": []
        }
    ]
}
